
Microsoft Visual Studio Solution File, Format Version 11.00
# Visual Studio 2010
Project("{FAE04EC0-301F-11D3-BF4B-00C04F79EFBC}") = "Core", "Core\Core.csproj", "{5515A0FD-7499-4266-8357-B882448EED5F}"
EndProject
Project("{FAE04EC0-301F-11D3-BF4B-00C04F79EFBC}") = "Common", "Common\Common.csproj", "{E93F3A28-1EDC-4583-9A5A-5EB7DFCF80EE}"
EndProject
Global
	GlobalSection(SolutionConfigurationPlatforms) = preSolution
		Debug|Any CPU = Debug|Any CPU
		Release|Any CPU = Release|Any CPU
	EndGlobalSection
	GlobalSection(ProjectConfigurationPlatforms) = postSolution
		{5515A0FD-7499-4266-8357-B882448EED5F}.Debug|Any CPU.ActiveCfg = Debug|Any CPU
		{5515A0FD-7499-4266-8357-B882448EED5F}.Debug|Any CPU.Build.0 = Debug|Any CPU
		{5515A0FD-7499-4266-8357-B882448EED5F}.Release|Any CPU.ActiveCfg = Release|Any CPU
		{5515A0FD-7499-4266-8357-B882448EED5F}.Release|Any CPU.Build.0 = Release|Any CPU
		{E93F3A28-1EDC-4583-9A5A-5EB7DFCF80EE}.Debug|Any CPU.ActiveCfg = Debug|Any CPU
		{E93F3A28-1EDC-4583-9A5A-5EB7DFCF80EE}.Debug|Any CPU.Build.0 = Debug|Any CPU
		{E93F3A28-1EDC-4583-9A5A-5EB7DFCF80EE}.Release|Any CPU.ActiveCfg = Release|Any CPU
		{E93F3A28-1EDC-4583-9A5A-5EB7DFCF80EE}.Release|Any CPU.Build.0 = Release|Any CPU
	EndGlobalSection
	GlobalSection(SolutionProperties) = preSolution
		HideSolutionNode = FALSE
	EndGlobalSection
EndGlobal
