
Microsoft Visual Studio Solution File, Format Version 11.00
# Visual Studio 2010
Project("{FAE04EC0-301F-11D3-BF4B-00C04F79EFBC}") = "GestureDetection", "Demos\GestureDetection\GestureDetection.csproj", "{34238744-2856-409F-85CA-21F17D6830BE}"
EndProject
Project("{FAE04EC0-301F-11D3-BF4B-00C04F79EFBC}") = "Plugins.Common", "Demos\Microsoft Office\Plugins.Common\Plugins.Common.csproj", "{AB325698-080A-4C1F-A196-51F4F8D4D1F4}"
EndProject
Project("{FAE04EC0-301F-11D3-BF4B-00C04F79EFBC}") = "Plugins.PowerPoint2007", "Demos\Microsoft Office\Plugins.PowerPoint2007\Plugins.PowerPoint2007.csproj", "{D85EE27D-C74F-42ED-9C69-9736677DEE61}"
EndProject
Project("{FAE04EC0-301F-11D3-BF4B-00C04F79EFBC}") = "Plugins.PowerPoint2010", "Demos\Microsoft Office\Plugins.PowerPoint2010\Plugins.PowerPoint2010.csproj", "{51FCEE4B-7CC6-421A-B07B-20AFDD2E7B79}"
EndProject
Project("{2150E333-8FDC-42A3-9474-1A3956D46DE8}") = "Demos", "Demos", "{FD71514C-8513-4FAD-A227-9C6720D5B5F8}"
EndProject
Project("{2150E333-8FDC-42A3-9474-1A3956D46DE8}") = "Microsoft Office", "Microsoft Office", "{5634297F-9322-4BF7-9CAB-A3A9A4BC2BFF}"
EndProject
Project("{FAE04EC0-301F-11D3-BF4B-00C04F79EFBC}") = "Pong", "Demos\Pong\Pong.csproj", "{45BDD548-5240-4997-9C95-F2332F6A1BA3}"
EndProject
Project("{FAE04EC0-301F-11D3-BF4B-00C04F79EFBC}") = "Semaphore", "Demos\Semaphore\Semaphore.csproj", "{788B7BDA-A7C8-428B-9C21-B08659ED6452}"
EndProject
Project("{FAE04EC0-301F-11D3-BF4B-00C04F79EFBC}") = "ShowCase", "Demos\ShowCase\ShowCase.csproj", "{EAC9D3A1-2F9A-4330-AFAD-B639DD79D7E0}"
EndProject
Project("{FAE04EC0-301F-11D3-BF4B-00C04F79EFBC}") = "XNA", "Demos\XNA\XNA\XNA.csproj", "{E0629C64-0802-44B7-BE43-C3D00CF84737}"
EndProject
Project("{FAE04EC0-301F-11D3-BF4B-00C04F79EFBC}") = "XNAContent", "Demos\XNA\XNAContent\XNAContent.contentproj", "{A06B383D-4527-4491-916F-951FDF038361}"
EndProject
Project("{2150E333-8FDC-42A3-9474-1A3956D46DE8}") = "Extensions", "Extensions", "{086EA5D0-78C7-46F7-8DDE-15560E157A5B}"
EndProject
Project("{2150E333-8FDC-42A3-9474-1A3956D46DE8}") = "Framework", "Framework", "{C42C4FD9-4595-4C84-A7C3-18F6422A8D0E}"
EndProject
Project("{FAE04EC0-301F-11D3-BF4B-00C04F79EFBC}") = "HiddenMarkovModel", "Extensions\HiddenMarkovModel\HiddenMarkovModel.csproj", "{E2BB2D80-FD0E-431E-B2CA-41334A2FA831}"
EndProject
Project("{FAE04EC0-301F-11D3-BF4B-00C04F79EFBC}") = "Common", "Framework\Common\Common.csproj", "{E93F3A28-1EDC-4583-9A5A-5EB7DFCF80EE}"
EndProject
Project("{FAE04EC0-301F-11D3-BF4B-00C04F79EFBC}") = "Core", "Framework\Core\Core.csproj", "{7D86DA3E-808E-47B1-B89B-F6CB76D249DE}"
EndProject
Project("{FAE04EC0-301F-11D3-BF4B-00C04F79EFBC}") = "MouseControl", "Demos\MouseControl\MouseControl.csproj", "{4706FD72-2C8A-4118-B8B3-939E0CE720E8}"
EndProject
Project("{FAE04EC0-301F-11D3-BF4B-00C04F79EFBC}") = "Workshop", "Demos\Workshop\Workshop.csproj", "{5C95F4EE-FA4C-45E9-AC3E-B80FADEC862C}"
EndProject
Project("{54435603-DBB4-11D2-8724-00A0C9A8B90C}") = "Setup.PowerPoint2007", "Setup.PowerPoint2007\Setup.PowerPoint2007.vdproj", "{3B911521-A241-4ED8-AE50-FE6A4E1132A5}"
EndProject
Global
	GlobalSection(SolutionConfigurationPlatforms) = preSolution
		Debug|Any CPU = Debug|Any CPU
		Debug|Mixed Platforms = Debug|Mixed Platforms
		Debug|x86 = Debug|x86
		Release|Any CPU = Release|Any CPU
		Release|Mixed Platforms = Release|Mixed Platforms
		Release|x86 = Release|x86
		Test|Any CPU = Test|Any CPU
		Test|Mixed Platforms = Test|Mixed Platforms
		Test|x86 = Test|x86
	EndGlobalSection
	GlobalSection(ProjectConfigurationPlatforms) = postSolution
		{34238744-2856-409F-85CA-21F17D6830BE}.Debug|Any CPU.ActiveCfg = Debug|x86
		{34238744-2856-409F-85CA-21F17D6830BE}.Debug|Mixed Platforms.ActiveCfg = Debug|x86
		{34238744-2856-409F-85CA-21F17D6830BE}.Debug|Mixed Platforms.Build.0 = Debug|x86
		{34238744-2856-409F-85CA-21F17D6830BE}.Debug|x86.ActiveCfg = Debug|x86
		{34238744-2856-409F-85CA-21F17D6830BE}.Debug|x86.Build.0 = Debug|x86
		{34238744-2856-409F-85CA-21F17D6830BE}.Release|Any CPU.ActiveCfg = Release|x86
		{34238744-2856-409F-85CA-21F17D6830BE}.Release|Mixed Platforms.ActiveCfg = Release|x86
		{34238744-2856-409F-85CA-21F17D6830BE}.Release|Mixed Platforms.Build.0 = Release|x86
		{34238744-2856-409F-85CA-21F17D6830BE}.Release|x86.ActiveCfg = Release|x86
		{34238744-2856-409F-85CA-21F17D6830BE}.Release|x86.Build.0 = Release|x86
		{34238744-2856-409F-85CA-21F17D6830BE}.Test|Any CPU.ActiveCfg = Release|x86
		{34238744-2856-409F-85CA-21F17D6830BE}.Test|Mixed Platforms.ActiveCfg = Release|x86
		{34238744-2856-409F-85CA-21F17D6830BE}.Test|Mixed Platforms.Build.0 = Release|x86
		{34238744-2856-409F-85CA-21F17D6830BE}.Test|x86.ActiveCfg = Release|x86
		{34238744-2856-409F-85CA-21F17D6830BE}.Test|x86.Build.0 = Release|x86
		{AB325698-080A-4C1F-A196-51F4F8D4D1F4}.Debug|Any CPU.ActiveCfg = Debug|Any CPU
		{AB325698-080A-4C1F-A196-51F4F8D4D1F4}.Debug|Any CPU.Build.0 = Debug|Any CPU
		{AB325698-080A-4C1F-A196-51F4F8D4D1F4}.Debug|Mixed Platforms.ActiveCfg = Debug|x86
		{AB325698-080A-4C1F-A196-51F4F8D4D1F4}.Debug|Mixed Platforms.Build.0 = Debug|x86
		{AB325698-080A-4C1F-A196-51F4F8D4D1F4}.Debug|x86.ActiveCfg = Debug|Any CPU
		{AB325698-080A-4C1F-A196-51F4F8D4D1F4}.Release|Any CPU.ActiveCfg = Release|Any CPU
		{AB325698-080A-4C1F-A196-51F4F8D4D1F4}.Release|Any CPU.Build.0 = Release|Any CPU
		{AB325698-080A-4C1F-A196-51F4F8D4D1F4}.Release|Mixed Platforms.ActiveCfg = Release|Any CPU
		{AB325698-080A-4C1F-A196-51F4F8D4D1F4}.Release|Mixed Platforms.Build.0 = Release|Any CPU
		{AB325698-080A-4C1F-A196-51F4F8D4D1F4}.Release|x86.ActiveCfg = Release|Any CPU
		{AB325698-080A-4C1F-A196-51F4F8D4D1F4}.Test|Any CPU.ActiveCfg = Release|Any CPU
		{AB325698-080A-4C1F-A196-51F4F8D4D1F4}.Test|Any CPU.Build.0 = Release|Any CPU
		{AB325698-080A-4C1F-A196-51F4F8D4D1F4}.Test|Mixed Platforms.ActiveCfg = Release|Any CPU
		{AB325698-080A-4C1F-A196-51F4F8D4D1F4}.Test|Mixed Platforms.Build.0 = Release|Any CPU
		{AB325698-080A-4C1F-A196-51F4F8D4D1F4}.Test|x86.ActiveCfg = Release|Any CPU
		{D85EE27D-C74F-42ED-9C69-9736677DEE61}.Debug|Any CPU.ActiveCfg = Debug|Any CPU
		{D85EE27D-C74F-42ED-9C69-9736677DEE61}.Debug|Any CPU.Build.0 = Debug|Any CPU
		{D85EE27D-C74F-42ED-9C69-9736677DEE61}.Debug|Mixed Platforms.ActiveCfg = Debug|x86
		{D85EE27D-C74F-42ED-9C69-9736677DEE61}.Debug|Mixed Platforms.Build.0 = Debug|x86
		{D85EE27D-C74F-42ED-9C69-9736677DEE61}.Debug|x86.ActiveCfg = Debug|Any CPU
		{D85EE27D-C74F-42ED-9C69-9736677DEE61}.Release|Any CPU.ActiveCfg = Release|Any CPU
		{D85EE27D-C74F-42ED-9C69-9736677DEE61}.Release|Any CPU.Build.0 = Release|Any CPU
		{D85EE27D-C74F-42ED-9C69-9736677DEE61}.Release|Mixed Platforms.ActiveCfg = Release|Any CPU
		{D85EE27D-C74F-42ED-9C69-9736677DEE61}.Release|Mixed Platforms.Build.0 = Release|Any CPU
		{D85EE27D-C74F-42ED-9C69-9736677DEE61}.Release|x86.ActiveCfg = Release|Any CPU
		{D85EE27D-C74F-42ED-9C69-9736677DEE61}.Test|Any CPU.ActiveCfg = Release|Any CPU
		{D85EE27D-C74F-42ED-9C69-9736677DEE61}.Test|Any CPU.Build.0 = Release|Any CPU
		{D85EE27D-C74F-42ED-9C69-9736677DEE61}.Test|Mixed Platforms.ActiveCfg = Release|Any CPU
		{D85EE27D-C74F-42ED-9C69-9736677DEE61}.Test|Mixed Platforms.Build.0 = Release|Any CPU
		{D85EE27D-C74F-42ED-9C69-9736677DEE61}.Test|x86.ActiveCfg = Release|Any CPU
		{51FCEE4B-7CC6-421A-B07B-20AFDD2E7B79}.Debug|Any CPU.ActiveCfg = Debug|Any CPU
		{51FCEE4B-7CC6-421A-B07B-20AFDD2E7B79}.Debug|Any CPU.Build.0 = Debug|Any CPU
		{51FCEE4B-7CC6-421A-B07B-20AFDD2E7B79}.Debug|Mixed Platforms.ActiveCfg = Debug|x86
		{51FCEE4B-7CC6-421A-B07B-20AFDD2E7B79}.Debug|Mixed Platforms.Build.0 = Debug|x86
		{51FCEE4B-7CC6-421A-B07B-20AFDD2E7B79}.Debug|x86.ActiveCfg = Debug|Any CPU
		{51FCEE4B-7CC6-421A-B07B-20AFDD2E7B79}.Release|Any CPU.ActiveCfg = Release|Any CPU
		{51FCEE4B-7CC6-421A-B07B-20AFDD2E7B79}.Release|Any CPU.Build.0 = Release|Any CPU
		{51FCEE4B-7CC6-421A-B07B-20AFDD2E7B79}.Release|Mixed Platforms.ActiveCfg = Release|Any CPU
		{51FCEE4B-7CC6-421A-B07B-20AFDD2E7B79}.Release|Mixed Platforms.Build.0 = Release|Any CPU
		{51FCEE4B-7CC6-421A-B07B-20AFDD2E7B79}.Release|x86.ActiveCfg = Release|Any CPU
		{51FCEE4B-7CC6-421A-B07B-20AFDD2E7B79}.Test|Any CPU.ActiveCfg = Release|Any CPU
		{51FCEE4B-7CC6-421A-B07B-20AFDD2E7B79}.Test|Any CPU.Build.0 = Release|Any CPU
		{51FCEE4B-7CC6-421A-B07B-20AFDD2E7B79}.Test|Mixed Platforms.ActiveCfg = Release|Any CPU
		{51FCEE4B-7CC6-421A-B07B-20AFDD2E7B79}.Test|Mixed Platforms.Build.0 = Release|Any CPU
		{51FCEE4B-7CC6-421A-B07B-20AFDD2E7B79}.Test|x86.ActiveCfg = Release|Any CPU
		{45BDD548-5240-4997-9C95-F2332F6A1BA3}.Debug|Any CPU.ActiveCfg = Debug|x86
		{45BDD548-5240-4997-9C95-F2332F6A1BA3}.Debug|Mixed Platforms.ActiveCfg = Debug|x86
		{45BDD548-5240-4997-9C95-F2332F6A1BA3}.Debug|Mixed Platforms.Build.0 = Debug|x86
		{45BDD548-5240-4997-9C95-F2332F6A1BA3}.Debug|x86.ActiveCfg = Debug|x86
		{45BDD548-5240-4997-9C95-F2332F6A1BA3}.Debug|x86.Build.0 = Debug|x86
		{45BDD548-5240-4997-9C95-F2332F6A1BA3}.Release|Any CPU.ActiveCfg = Release|x86
		{45BDD548-5240-4997-9C95-F2332F6A1BA3}.Release|Mixed Platforms.ActiveCfg = Release|x86
		{45BDD548-5240-4997-9C95-F2332F6A1BA3}.Release|Mixed Platforms.Build.0 = Release|x86
		{45BDD548-5240-4997-9C95-F2332F6A1BA3}.Release|x86.ActiveCfg = Release|x86
		{45BDD548-5240-4997-9C95-F2332F6A1BA3}.Release|x86.Build.0 = Release|x86
		{45BDD548-5240-4997-9C95-F2332F6A1BA3}.Test|Any CPU.ActiveCfg = Release|x86
		{45BDD548-5240-4997-9C95-F2332F6A1BA3}.Test|Mixed Platforms.ActiveCfg = Release|x86
		{45BDD548-5240-4997-9C95-F2332F6A1BA3}.Test|Mixed Platforms.Build.0 = Release|x86
		{45BDD548-5240-4997-9C95-F2332F6A1BA3}.Test|x86.ActiveCfg = Release|x86
		{45BDD548-5240-4997-9C95-F2332F6A1BA3}.Test|x86.Build.0 = Release|x86
		{788B7BDA-A7C8-428B-9C21-B08659ED6452}.Debug|Any CPU.ActiveCfg = Debug|x86
		{788B7BDA-A7C8-428B-9C21-B08659ED6452}.Debug|Mixed Platforms.ActiveCfg = Debug|x86
		{788B7BDA-A7C8-428B-9C21-B08659ED6452}.Debug|Mixed Platforms.Build.0 = Debug|x86
		{788B7BDA-A7C8-428B-9C21-B08659ED6452}.Debug|x86.ActiveCfg = Debug|x86
		{788B7BDA-A7C8-428B-9C21-B08659ED6452}.Debug|x86.Build.0 = Debug|x86
		{788B7BDA-A7C8-428B-9C21-B08659ED6452}.Release|Any CPU.ActiveCfg = Release|x86
		{788B7BDA-A7C8-428B-9C21-B08659ED6452}.Release|Mixed Platforms.ActiveCfg = Release|x86
		{788B7BDA-A7C8-428B-9C21-B08659ED6452}.Release|Mixed Platforms.Build.0 = Release|x86
		{788B7BDA-A7C8-428B-9C21-B08659ED6452}.Release|x86.ActiveCfg = Release|x86
		{788B7BDA-A7C8-428B-9C21-B08659ED6452}.Release|x86.Build.0 = Release|x86
		{788B7BDA-A7C8-428B-9C21-B08659ED6452}.Test|Any CPU.ActiveCfg = Test|x86
		{788B7BDA-A7C8-428B-9C21-B08659ED6452}.Test|Mixed Platforms.ActiveCfg = Test|x86
		{788B7BDA-A7C8-428B-9C21-B08659ED6452}.Test|Mixed Platforms.Build.0 = Test|x86
		{788B7BDA-A7C8-428B-9C21-B08659ED6452}.Test|x86.ActiveCfg = Test|x86
		{788B7BDA-A7C8-428B-9C21-B08659ED6452}.Test|x86.Build.0 = Test|x86
		{EAC9D3A1-2F9A-4330-AFAD-B639DD79D7E0}.Debug|Any CPU.ActiveCfg = Debug|x86
		{EAC9D3A1-2F9A-4330-AFAD-B639DD79D7E0}.Debug|Mixed Platforms.ActiveCfg = Debug|x86
		{EAC9D3A1-2F9A-4330-AFAD-B639DD79D7E0}.Debug|Mixed Platforms.Build.0 = Debug|x86
		{EAC9D3A1-2F9A-4330-AFAD-B639DD79D7E0}.Debug|x86.ActiveCfg = Debug|x86
		{EAC9D3A1-2F9A-4330-AFAD-B639DD79D7E0}.Debug|x86.Build.0 = Debug|x86
		{EAC9D3A1-2F9A-4330-AFAD-B639DD79D7E0}.Release|Any CPU.ActiveCfg = Release|x86
		{EAC9D3A1-2F9A-4330-AFAD-B639DD79D7E0}.Release|Mixed Platforms.ActiveCfg = Release|x86
		{EAC9D3A1-2F9A-4330-AFAD-B639DD79D7E0}.Release|Mixed Platforms.Build.0 = Release|x86
		{EAC9D3A1-2F9A-4330-AFAD-B639DD79D7E0}.Release|x86.ActiveCfg = Release|x86
		{EAC9D3A1-2F9A-4330-AFAD-B639DD79D7E0}.Release|x86.Build.0 = Release|x86
		{EAC9D3A1-2F9A-4330-AFAD-B639DD79D7E0}.Test|Any CPU.ActiveCfg = Test|x86
		{EAC9D3A1-2F9A-4330-AFAD-B639DD79D7E0}.Test|Mixed Platforms.ActiveCfg = Test|x86
		{EAC9D3A1-2F9A-4330-AFAD-B639DD79D7E0}.Test|Mixed Platforms.Build.0 = Test|x86
		{EAC9D3A1-2F9A-4330-AFAD-B639DD79D7E0}.Test|x86.ActiveCfg = Test|x86
		{EAC9D3A1-2F9A-4330-AFAD-B639DD79D7E0}.Test|x86.Build.0 = Test|x86
		{E0629C64-0802-44B7-BE43-C3D00CF84737}.Debug|Any CPU.ActiveCfg = Debug|x86
		{E0629C64-0802-44B7-BE43-C3D00CF84737}.Debug|Mixed Platforms.ActiveCfg = Debug|x86
		{E0629C64-0802-44B7-BE43-C3D00CF84737}.Debug|Mixed Platforms.Build.0 = Debug|x86
		{E0629C64-0802-44B7-BE43-C3D00CF84737}.Debug|x86.ActiveCfg = Debug|x86
		{E0629C64-0802-44B7-BE43-C3D00CF84737}.Debug|x86.Build.0 = Debug|x86
		{E0629C64-0802-44B7-BE43-C3D00CF84737}.Release|Any CPU.ActiveCfg = Release|x86
		{E0629C64-0802-44B7-BE43-C3D00CF84737}.Release|Mixed Platforms.ActiveCfg = Release|x86
		{E0629C64-0802-44B7-BE43-C3D00CF84737}.Release|Mixed Platforms.Build.0 = Release|x86
		{E0629C64-0802-44B7-BE43-C3D00CF84737}.Release|x86.ActiveCfg = Release|x86
		{E0629C64-0802-44B7-BE43-C3D00CF84737}.Release|x86.Build.0 = Release|x86
		{E0629C64-0802-44B7-BE43-C3D00CF84737}.Test|Any CPU.ActiveCfg = Release|x86
		{E0629C64-0802-44B7-BE43-C3D00CF84737}.Test|Mixed Platforms.ActiveCfg = Release|x86
		{E0629C64-0802-44B7-BE43-C3D00CF84737}.Test|Mixed Platforms.Build.0 = Release|x86
		{E0629C64-0802-44B7-BE43-C3D00CF84737}.Test|x86.ActiveCfg = Release|x86
		{E0629C64-0802-44B7-BE43-C3D00CF84737}.Test|x86.Build.0 = Release|x86
		{A06B383D-4527-4491-916F-951FDF038361}.Debug|Any CPU.ActiveCfg = Debug|x86
		{A06B383D-4527-4491-916F-951FDF038361}.Debug|Mixed Platforms.ActiveCfg = Debug|x86
		{A06B383D-4527-4491-916F-951FDF038361}.Debug|x86.ActiveCfg = Debug|x86
		{A06B383D-4527-4491-916F-951FDF038361}.Release|Any CPU.ActiveCfg = Release|x86
		{A06B383D-4527-4491-916F-951FDF038361}.Release|Mixed Platforms.ActiveCfg = Release|x86
		{A06B383D-4527-4491-916F-951FDF038361}.Release|x86.ActiveCfg = Release|x86
		{A06B383D-4527-4491-916F-951FDF038361}.Test|Any CPU.ActiveCfg = Release|x86
		{A06B383D-4527-4491-916F-951FDF038361}.Test|Mixed Platforms.ActiveCfg = Release|x86
		{A06B383D-4527-4491-916F-951FDF038361}.Test|x86.ActiveCfg = Release|x86
		{E2BB2D80-FD0E-431E-B2CA-41334A2FA831}.Debug|Any CPU.ActiveCfg = Debug|Any CPU
		{E2BB2D80-FD0E-431E-B2CA-41334A2FA831}.Debug|Any CPU.Build.0 = Debug|Any CPU
		{E2BB2D80-FD0E-431E-B2CA-41334A2FA831}.Debug|Mixed Platforms.ActiveCfg = Debug|x86
		{E2BB2D80-FD0E-431E-B2CA-41334A2FA831}.Debug|Mixed Platforms.Build.0 = Debug|x86
		{E2BB2D80-FD0E-431E-B2CA-41334A2FA831}.Debug|x86.ActiveCfg = Debug|Any CPU
		{E2BB2D80-FD0E-431E-B2CA-41334A2FA831}.Release|Any CPU.ActiveCfg = Release|Any CPU
		{E2BB2D80-FD0E-431E-B2CA-41334A2FA831}.Release|Any CPU.Build.0 = Release|Any CPU
		{E2BB2D80-FD0E-431E-B2CA-41334A2FA831}.Release|Mixed Platforms.ActiveCfg = Release|Any CPU
		{E2BB2D80-FD0E-431E-B2CA-41334A2FA831}.Release|Mixed Platforms.Build.0 = Release|Any CPU
		{E2BB2D80-FD0E-431E-B2CA-41334A2FA831}.Release|x86.ActiveCfg = Release|Any CPU
		{E2BB2D80-FD0E-431E-B2CA-41334A2FA831}.Test|Any CPU.ActiveCfg = Release|Any CPU
		{E2BB2D80-FD0E-431E-B2CA-41334A2FA831}.Test|Any CPU.Build.0 = Release|Any CPU
		{E2BB2D80-FD0E-431E-B2CA-41334A2FA831}.Test|Mixed Platforms.ActiveCfg = Release|Any CPU
		{E2BB2D80-FD0E-431E-B2CA-41334A2FA831}.Test|Mixed Platforms.Build.0 = Release|Any CPU
		{E2BB2D80-FD0E-431E-B2CA-41334A2FA831}.Test|x86.ActiveCfg = Release|Any CPU
		{E93F3A28-1EDC-4583-9A5A-5EB7DFCF80EE}.Debug|Any CPU.ActiveCfg = Debug|Any CPU
		{E93F3A28-1EDC-4583-9A5A-5EB7DFCF80EE}.Debug|Any CPU.Build.0 = Debug|Any CPU
		{E93F3A28-1EDC-4583-9A5A-5EB7DFCF80EE}.Debug|Mixed Platforms.ActiveCfg = Debug|Any CPU
		{E93F3A28-1EDC-4583-9A5A-5EB7DFCF80EE}.Debug|Mixed Platforms.Build.0 = Debug|Any CPU
		{E93F3A28-1EDC-4583-9A5A-5EB7DFCF80EE}.Debug|x86.ActiveCfg = Debug|Any CPU
		{E93F3A28-1EDC-4583-9A5A-5EB7DFCF80EE}.Release|Any CPU.ActiveCfg = Release|Any CPU
		{E93F3A28-1EDC-4583-9A5A-5EB7DFCF80EE}.Release|Any CPU.Build.0 = Release|Any CPU
		{E93F3A28-1EDC-4583-9A5A-5EB7DFCF80EE}.Release|Mixed Platforms.ActiveCfg = Release|Any CPU
		{E93F3A28-1EDC-4583-9A5A-5EB7DFCF80EE}.Release|Mixed Platforms.Build.0 = Release|Any CPU
		{E93F3A28-1EDC-4583-9A5A-5EB7DFCF80EE}.Release|x86.ActiveCfg = Release|Any CPU
		{E93F3A28-1EDC-4583-9A5A-5EB7DFCF80EE}.Test|Any CPU.ActiveCfg = Release|Any CPU
		{E93F3A28-1EDC-4583-9A5A-5EB7DFCF80EE}.Test|Any CPU.Build.0 = Release|Any CPU
		{E93F3A28-1EDC-4583-9A5A-5EB7DFCF80EE}.Test|Mixed Platforms.ActiveCfg = Release|Any CPU
		{E93F3A28-1EDC-4583-9A5A-5EB7DFCF80EE}.Test|Mixed Platforms.Build.0 = Release|Any CPU
		{E93F3A28-1EDC-4583-9A5A-5EB7DFCF80EE}.Test|x86.ActiveCfg = Release|Any CPU
		{7D86DA3E-808E-47B1-B89B-F6CB76D249DE}.Debug|Any CPU.ActiveCfg = Debug|x86
		{7D86DA3E-808E-47B1-B89B-F6CB76D249DE}.Debug|Mixed Platforms.ActiveCfg = Debug|x86
		{7D86DA3E-808E-47B1-B89B-F6CB76D249DE}.Debug|Mixed Platforms.Build.0 = Debug|x86
		{7D86DA3E-808E-47B1-B89B-F6CB76D249DE}.Debug|x86.ActiveCfg = Debug|x86
		{7D86DA3E-808E-47B1-B89B-F6CB76D249DE}.Debug|x86.Build.0 = Debug|x86
		{7D86DA3E-808E-47B1-B89B-F6CB76D249DE}.Release|Any CPU.ActiveCfg = Release|x86
		{7D86DA3E-808E-47B1-B89B-F6CB76D249DE}.Release|Mixed Platforms.ActiveCfg = Release|x86
		{7D86DA3E-808E-47B1-B89B-F6CB76D249DE}.Release|Mixed Platforms.Build.0 = Release|x86
		{7D86DA3E-808E-47B1-B89B-F6CB76D249DE}.Release|x86.ActiveCfg = Release|x86
		{7D86DA3E-808E-47B1-B89B-F6CB76D249DE}.Release|x86.Build.0 = Release|x86
		{7D86DA3E-808E-47B1-B89B-F6CB76D249DE}.Test|Any CPU.ActiveCfg = Release|x86
		{7D86DA3E-808E-47B1-B89B-F6CB76D249DE}.Test|Mixed Platforms.ActiveCfg = Release|x86
		{7D86DA3E-808E-47B1-B89B-F6CB76D249DE}.Test|Mixed Platforms.Build.0 = Release|x86
		{7D86DA3E-808E-47B1-B89B-F6CB76D249DE}.Test|x86.ActiveCfg = Release|x86
		{7D86DA3E-808E-47B1-B89B-F6CB76D249DE}.Test|x86.Build.0 = Release|x86
		{4706FD72-2C8A-4118-B8B3-939E0CE720E8}.Debug|Any CPU.ActiveCfg = Debug|x86
		{4706FD72-2C8A-4118-B8B3-939E0CE720E8}.Debug|Mixed Platforms.ActiveCfg = Debug|x86
		{4706FD72-2C8A-4118-B8B3-939E0CE720E8}.Debug|Mixed Platforms.Build.0 = Debug|x86
		{4706FD72-2C8A-4118-B8B3-939E0CE720E8}.Debug|x86.ActiveCfg = Debug|x86
		{4706FD72-2C8A-4118-B8B3-939E0CE720E8}.Debug|x86.Build.0 = Debug|x86
		{4706FD72-2C8A-4118-B8B3-939E0CE720E8}.Release|Any CPU.ActiveCfg = Release|x86
		{4706FD72-2C8A-4118-B8B3-939E0CE720E8}.Release|Mixed Platforms.ActiveCfg = Release|x86
		{4706FD72-2C8A-4118-B8B3-939E0CE720E8}.Release|Mixed Platforms.Build.0 = Release|x86
		{4706FD72-2C8A-4118-B8B3-939E0CE720E8}.Release|x86.ActiveCfg = Release|x86
		{4706FD72-2C8A-4118-B8B3-939E0CE720E8}.Release|x86.Build.0 = Release|x86
		{4706FD72-2C8A-4118-B8B3-939E0CE720E8}.Test|Any CPU.ActiveCfg = Release|x86
		{4706FD72-2C8A-4118-B8B3-939E0CE720E8}.Test|Mixed Platforms.ActiveCfg = Release|x86
		{4706FD72-2C8A-4118-B8B3-939E0CE720E8}.Test|Mixed Platforms.Build.0 = Release|x86
		{4706FD72-2C8A-4118-B8B3-939E0CE720E8}.Test|x86.ActiveCfg = Release|x86
		{4706FD72-2C8A-4118-B8B3-939E0CE720E8}.Test|x86.Build.0 = Release|x86
		{5C95F4EE-FA4C-45E9-AC3E-B80FADEC862C}.Debug|Any CPU.ActiveCfg = Debug|x86
		{5C95F4EE-FA4C-45E9-AC3E-B80FADEC862C}.Debug|Mixed Platforms.ActiveCfg = Debug|x86
		{5C95F4EE-FA4C-45E9-AC3E-B80FADEC862C}.Debug|Mixed Platforms.Build.0 = Debug|x86
		{5C95F4EE-FA4C-45E9-AC3E-B80FADEC862C}.Debug|x86.ActiveCfg = Debug|x86
		{5C95F4EE-FA4C-45E9-AC3E-B80FADEC862C}.Debug|x86.Build.0 = Debug|x86
		{5C95F4EE-FA4C-45E9-AC3E-B80FADEC862C}.Release|Any CPU.ActiveCfg = Release|x86
		{5C95F4EE-FA4C-45E9-AC3E-B80FADEC862C}.Release|Mixed Platforms.ActiveCfg = Release|x86
		{5C95F4EE-FA4C-45E9-AC3E-B80FADEC862C}.Release|Mixed Platforms.Build.0 = Release|x86
		{5C95F4EE-FA4C-45E9-AC3E-B80FADEC862C}.Release|x86.ActiveCfg = Release|x86
		{5C95F4EE-FA4C-45E9-AC3E-B80FADEC862C}.Release|x86.Build.0 = Release|x86
		{5C95F4EE-FA4C-45E9-AC3E-B80FADEC862C}.Test|Any CPU.ActiveCfg = Release|x86
		{5C95F4EE-FA4C-45E9-AC3E-B80FADEC862C}.Test|Mixed Platforms.ActiveCfg = Release|x86
		{5C95F4EE-FA4C-45E9-AC3E-B80FADEC862C}.Test|Mixed Platforms.Build.0 = Release|x86
		{5C95F4EE-FA4C-45E9-AC3E-B80FADEC862C}.Test|x86.ActiveCfg = Release|x86
		{5C95F4EE-FA4C-45E9-AC3E-B80FADEC862C}.Test|x86.Build.0 = Release|x86
		{3B911521-A241-4ED8-AE50-FE6A4E1132A5}.Debug|Any CPU.ActiveCfg = Debug
		{3B911521-A241-4ED8-AE50-FE6A4E1132A5}.Debug|Mixed Platforms.ActiveCfg = Debug
		{3B911521-A241-4ED8-AE50-FE6A4E1132A5}.Debug|x86.ActiveCfg = Debug
		{3B911521-A241-4ED8-AE50-FE6A4E1132A5}.Release|Any CPU.ActiveCfg = Release
		{3B911521-A241-4ED8-AE50-FE6A4E1132A5}.Release|Mixed Platforms.ActiveCfg = Release
		{3B911521-A241-4ED8-AE50-FE6A4E1132A5}.Release|x86.ActiveCfg = Release
		{3B911521-A241-4ED8-AE50-FE6A4E1132A5}.Test|Any CPU.ActiveCfg = Release
		{3B911521-A241-4ED8-AE50-FE6A4E1132A5}.Test|Mixed Platforms.ActiveCfg = Release
		{3B911521-A241-4ED8-AE50-FE6A4E1132A5}.Test|x86.ActiveCfg = Release
	EndGlobalSection
	GlobalSection(SolutionProperties) = preSolution
		HideSolutionNode = FALSE
	EndGlobalSection
	GlobalSection(NestedProjects) = preSolution
		{5634297F-9322-4BF7-9CAB-A3A9A4BC2BFF} = {FD71514C-8513-4FAD-A227-9C6720D5B5F8}
		{34238744-2856-409F-85CA-21F17D6830BE} = {FD71514C-8513-4FAD-A227-9C6720D5B5F8}
		{45BDD548-5240-4997-9C95-F2332F6A1BA3} = {FD71514C-8513-4FAD-A227-9C6720D5B5F8}
		{788B7BDA-A7C8-428B-9C21-B08659ED6452} = {FD71514C-8513-4FAD-A227-9C6720D5B5F8}
		{EAC9D3A1-2F9A-4330-AFAD-B639DD79D7E0} = {FD71514C-8513-4FAD-A227-9C6720D5B5F8}
		{E0629C64-0802-44B7-BE43-C3D00CF84737} = {FD71514C-8513-4FAD-A227-9C6720D5B5F8}
		{A06B383D-4527-4491-916F-951FDF038361} = {FD71514C-8513-4FAD-A227-9C6720D5B5F8}
		{4706FD72-2C8A-4118-B8B3-939E0CE720E8} = {FD71514C-8513-4FAD-A227-9C6720D5B5F8}
		{5C95F4EE-FA4C-45E9-AC3E-B80FADEC862C} = {FD71514C-8513-4FAD-A227-9C6720D5B5F8}
		{D85EE27D-C74F-42ED-9C69-9736677DEE61} = {5634297F-9322-4BF7-9CAB-A3A9A4BC2BFF}
		{51FCEE4B-7CC6-421A-B07B-20AFDD2E7B79} = {5634297F-9322-4BF7-9CAB-A3A9A4BC2BFF}
		{AB325698-080A-4C1F-A196-51F4F8D4D1F4} = {5634297F-9322-4BF7-9CAB-A3A9A4BC2BFF}
		{3B911521-A241-4ED8-AE50-FE6A4E1132A5} = {5634297F-9322-4BF7-9CAB-A3A9A4BC2BFF}
		{E2BB2D80-FD0E-431E-B2CA-41334A2FA831} = {086EA5D0-78C7-46F7-8DDE-15560E157A5B}
		{E93F3A28-1EDC-4583-9A5A-5EB7DFCF80EE} = {C42C4FD9-4595-4C84-A7C3-18F6422A8D0E}
		{7D86DA3E-808E-47B1-B89B-F6CB76D249DE} = {C42C4FD9-4595-4C84-A7C3-18F6422A8D0E}
	EndGlobalSection
EndGlobal
